
Microsoft Visual Studio Solution File, Format Version 12.00
# Visual Studio Version 16
VisualStudioVersion = 16.0.30309.148
MinimumVisualStudioVersion = 10.0.40219.1
Project("{FAE04EC0-301F-11D3-BF4B-00C04F79EFBC}") = "Programming Tasks Random Arrays", "Programming Tasks Random Arrays.csproj", "{7E6753C7-55B6-42D2-A602-4BF036528F96}"
EndProject
Global
	GlobalSection(SolutionConfigurationPlatforms) = preSolution
		Debug|Any CPU = Debug|Any CPU
		Release|Any CPU = Release|Any CPU
	EndGlobalSection
	GlobalSection(ProjectConfigurationPlatforms) = postSolution
		{7E6753C7-55B6-42D2-A602-4BF036528F96}.Debug|Any CPU.ActiveCfg = Debug|Any CPU
		{7E6753C7-55B6-42D2-A602-4BF036528F96}.Debug|Any CPU.Build.0 = Debug|Any CPU
		{7E6753C7-55B6-42D2-A602-4BF036528F96}.Release|Any CPU.ActiveCfg = Release|Any CPU
		{7E6753C7-55B6-42D2-A602-4BF036528F96}.Release|Any CPU.Build.0 = Release|Any CPU
	EndGlobalSection
	GlobalSection(SolutionProperties) = preSolution
		HideSolutionNode = FALSE
	EndGlobalSection
	GlobalSection(ExtensibilityGlobals) = postSolution
		SolutionGuid = {A872AF7F-0042-402B-8F3D-380506CE0902}
	EndGlobalSection
EndGlobal
